{
  "name": "portfolio",
  "version": "0.1.0",
  "lockfileVersion": 2,
  "requires": true,
  "packages": {
    "": {
      "name": "portfolio",
      "version": "0.1.0",
      "dependencies": {
        "@types/node": "18.11.18",
        "@types/react": "18.0.27",
        "@types/react-dom": "18.0.10",
        "next": "13.1.5",
        "react": "18.2.0",
        "react-dom": "18.2.0",
        "typescript": "4.9.4"
      }
    },
    "node_modules/@next/env": {
      "version": "13.1.5",
      "resolved": "https://pkgs.dev.azure.com/aid-for-aids/_packaging/aid-for-aids/npm/registry/@next/env/-/env-13.1.5.tgz",
      "integrity": "sha1-crJNNyamt1K+a3uak3968xs85BA=",
      "license": "MIT"
    },
    "node_modules/@next/swc-android-arm-eabi": {
      "version": "13.1.5",
      "resolved": "https://pkgs.dev.azure.com/aid-for-aids/_packaging/aid-for-aids/npm/registry/@next/swc-android-arm-eabi/-/swc-android-arm-eabi-13.1.5.tgz",
      "integrity": "sha1-Dqb3Z1RWKrgJLv5+SSkGeQJht8s=",
      "cpu": [
        "arm"
      ],
      "license": "MIT",
      "optional": true,
      "os": [
        "android"
      ],
      "engines": {
        "node": ">= 10"
      }
    },
    "node_modules/@next/swc-android-arm64": {
      "version": "13.1.5",
      "resolved": "https://pkgs.dev.azure.com/aid-for-aids/_packaging/aid-for-aids/npm/registry/@next/swc-android-arm64/-/swc-android-arm64-13.1.5.tgz",
      "integrity": "sha1-jUqR13gRxscFekH08y7O4ayWOYE=",
      "cpu": [
        "arm64"
      ],
      "license": "MIT",
      "optional": true,
      "os": [
        "android"
      ],
      "engines": {
        "node": ">= 10"
      }
    },
    "node_modules/@next/swc-darwin-arm64": {
      "version": "13.1.5",
      "resolved": "https://pkgs.dev.azure.com/aid-for-aids/_packaging/aid-for-aids/npm/registry/@next/swc-darwin-arm64/-/swc-darwin-arm64-13.1.5.tgz",
      "integrity": "sha1-PyBtIiAcZQCszjqSdKgH+weHhWU=",
      "cpu": [
        "arm64"
      ],
      "license": "MIT",
      "optional": true,
      "os": [
        "darwin"
      ],
      "engines": {
        "node": ">= 10"
      }
    },
    "node_modules/@next/swc-darwin-x64": {
      "version": "13.1.5",
      "resolved": "https://pkgs.dev.azure.com/aid-for-aids/_packaging/aid-for-aids/npm/registry/@next/swc-darwin-x64/-/swc-darwin-x64-13.1.5.tgz",
      "integrity": "sha1-Owd17RkKazXNC6YVENzRM9y4xL8=",
      "cpu": [
        "x64"
      ],
      "license": "MIT",
      "optional": true,
      "os": [
        "darwin"
      ],
      "engines": {
        "node": ">= 10"
      }
    },
    "node_modules/@next/swc-freebsd-x64": {
      "version": "13.1.5",
      "resolved": "https://pkgs.dev.azure.com/aid-for-aids/_packaging/aid-for-aids/npm/registry/@next/swc-freebsd-x64/-/swc-freebsd-x64-13.1.5.tgz",
      "integrity": "sha1-qfKzlDS1KGeGCvvTJjj5dCxFyCo=",
      "cpu": [
        "x64"
      ],
      "license": "MIT",
      "optional": true,
      "os": [
        "freebsd"
      ],
      "engines": {
        "node": ">= 10"
      }
    },
    "node_modules/@next/swc-linux-arm-gnueabihf": {
      "version": "13.1.5",
      "resolved": "https://pkgs.dev.azure.com/aid-for-aids/_packaging/aid-for-aids/npm/registry/@next/swc-linux-arm-gnueabihf/-/swc-linux-arm-gnueabihf-13.1.5.tgz",
      "integrity": "sha1-SuXc3qWqXLa5zhS7+G46/n3D3xo=",
      "cpu": [
        "arm"
      ],
      "license": "MIT",
      "optional": true,
      "os": [
        "linux"
      ],
      "engines": {
        "node": ">= 10"
      }
    },
    "node_modules/@next/swc-linux-arm64-gnu": {
      "version": "13.1.5",
      "resolved": "https://pkgs.dev.azure.com/aid-for-aids/_packaging/aid-for-aids/npm/registry/@next/swc-linux-arm64-gnu/-/swc-linux-arm64-gnu-13.1.5.tgz",
      "integrity": "sha1-ktgWpDA5BkKqHOGWmiVbagstmDM=",
      "cpu": [
        "arm64"
      ],
      "license": "MIT",
      "optional": true,
      "os": [
        "linux"
      ],
      "engines": {
        "node": ">= 10"
      }
    },
    "node_modules/@next/swc-linux-arm64-musl": {
      "version": "13.1.5",
      "resolved": "https://pkgs.dev.azure.com/aid-for-aids/_packaging/aid-for-aids/npm/registry/@next/swc-linux-arm64-musl/-/swc-linux-arm64-musl-13.1.5.tgz",
      "integrity": "sha1-tEumhmgC7g9tZV5xhLfC8pSFIZ8=",
      "cpu": [
        "arm64"
      ],
      "license": "MIT",
      "optional": true,
      "os": [
        "linux"
      ],
      "engines": {
        "node": ">= 10"
      }
    },
    "node_modules/@next/swc-linux-x64-gnu": {
      "version": "13.1.5",
      "resolved": "https://pkgs.dev.azure.com/aid-for-aids/_packaging/aid-for-aids/npm/registry/@next/swc-linux-x64-gnu/-/swc-linux-x64-gnu-13.1.5.tgz",
      "integrity": "sha1-9wr+JlTYym5IiWTtDr7xHzjVZnU=",
      "cpu": [
        "x64"
      ],
      "license": "MIT",
      "optional": true,
      "os": [
        "linux"
      ],
      "engines": {
        "node": ">= 10"
      }
    },
    "node_modules/@next/swc-linux-x64-musl": {
      "version": "13.1.5",
      "resolved": "https://pkgs.dev.azure.com/aid-for-aids/_packaging/aid-for-aids/npm/registry/@next/swc-linux-x64-musl/-/swc-linux-x64-musl-13.1.5.tgz",
      "integrity": "sha1-bkqkWm7hzqfmwyld/eaSUK/UxxQ=",
      "cpu": [
        "x64"
      ],
      "license": "MIT",
      "optional": true,
      "os": [
        "linux"
      ],
      "engines": {
        "node": ">= 10"
      }
    },
    "node_modules/@next/swc-win32-arm64-msvc": {
      "version": "13.1.5",
      "resolved": "https://pkgs.dev.azure.com/aid-for-aids/_packaging/aid-for-aids/npm/registry/@next/swc-win32-arm64-msvc/-/swc-win32-arm64-msvc-13.1.5.tgz",
      "integrity": "sha1-HvbUU7Ahsm7S0OMXwctljrV9ZsI=",
      "cpu": [
        "arm64"
      ],
      "license": "MIT",
      "optional": true,
      "os": [
        "win32"
      ],
      "engines": {
        "node": ">= 10"
      }
    },
    "node_modules/@next/swc-win32-ia32-msvc": {
      "version": "13.1.5",
      "resolved": "https://pkgs.dev.azure.com/aid-for-aids/_packaging/aid-for-aids/npm/registry/@next/swc-win32-ia32-msvc/-/swc-win32-ia32-msvc-13.1.5.tgz",
      "integrity": "sha1-pwjtFopdg7KFGbT8ujlqsynBorA=",
      "cpu": [
        "ia32"
      ],
      "license": "MIT",
      "optional": true,
      "os": [
        "win32"
      ],
      "engines": {
        "node": ">= 10"
      }
    },
    "node_modules/@next/swc-win32-x64-msvc": {
      "version": "13.1.5",
      "resolved": "https://pkgs.dev.azure.com/aid-for-aids/_packaging/aid-for-aids/npm/registry/@next/swc-win32-x64-msvc/-/swc-win32-x64-msvc-13.1.5.tgz",
      "integrity": "sha1-jHvvPcQeYkBQ7sszbL2USpH6cZg=",
      "cpu": [
        "x64"
      ],
      "license": "MIT",
      "optional": true,
      "os": [
        "win32"
      ],
      "engines": {
        "node": ">= 10"
      }
    },
    "node_modules/@swc/helpers": {
      "version": "0.4.14",
      "resolved": "https://pkgs.dev.azure.com/aid-for-aids/_packaging/aid-for-aids/npm/registry/@swc/helpers/-/helpers-0.4.14.tgz",
      "integrity": "sha1-E1KsbZXjYXzLfBSY/wGWVPHhKnQ=",
      "license": "MIT",
      "dependencies": {
        "tslib": "^2.4.0"
      }
    },
    "node_modules/@types/node": {
      "version": "18.11.18",
      "resolved": "https://pkgs.dev.azure.com/aid-for-aids/_packaging/aid-for-aids/npm/registry/@types/node/-/node-18.11.18.tgz",
      "integrity": "sha1-jfuX8Nojwik+VUxaUNYe8TTXaX8=",
      "license": "MIT"
    },
    "node_modules/@types/prop-types": {
      "version": "15.7.5",
      "resolved": "https://pkgs.dev.azure.com/aid-for-aids/_packaging/aid-for-aids/npm/registry/@types/prop-types/-/prop-types-15.7.5.tgz",
      "integrity": "sha1-XxnSuFqY6VWANvajysyIGUIPBc8=",
      "license": "MIT"
    },
    "node_modules/@types/react": {
      "version": "18.0.27",
      "resolved": "https://pkgs.dev.azure.com/aid-for-aids/_packaging/aid-for-aids/npm/registry/@types/react/-/react-18.0.27.tgz",
      "integrity": "sha1-2UJavhh6APil7BgrAQ1P2dpwO3E=",
      "license": "MIT",
      "dependencies": {
        "@types/prop-types": "*",
        "@types/scheduler": "*",
        "csstype": "^3.0.2"
      }
    },
    "node_modules/@types/react-dom": {
      "version": "18.0.10",
      "resolved": "https://pkgs.dev.azure.com/aid-for-aids/_packaging/aid-for-aids/npm/registry/@types/react-dom/-/react-dom-18.0.10.tgz",
      "integrity": "sha1-O2bexWqg8Wpswm2p6cqWw1wLQ1I=",
      "license": "MIT",
      "dependencies": {
        "@types/react": "*"
      }
    },
    "node_modules/@types/scheduler": {
      "version": "0.16.2",
      "resolved": "https://pkgs.dev.azure.com/aid-for-aids/_packaging/aid-for-aids/npm/registry/@types/scheduler/-/scheduler-0.16.2.tgz",
      "integrity": "sha1-GmL4lSVyPd4kuhsBsJK/XfitTTk=",
      "license": "MIT"
    },
    "node_modules/caniuse-lite": {
      "version": "1.0.30001447",
      "resolved": "https://pkgs.dev.azure.com/aid-for-aids/_packaging/aid-for-aids/npm/registry/caniuse-lite/-/caniuse-lite-1.0.30001447.tgz",
      "integrity": "sha1-7x85rjjYOdcXZxNzWo5GegolI70=",
      "funding": [
        {
          "type": "opencollective",
          "url": "https://opencollective.com/browserslist"
        },
        {
          "type": "tidelift",
          "url": "https://tidelift.com/funding/github/npm/caniuse-lite"
        }
      ],
      "license": "CC-BY-4.0"
    },
    "node_modules/client-only": {
      "version": "0.0.1",
      "resolved": "https://pkgs.dev.azure.com/aid-for-aids/_packaging/aid-for-aids/npm/registry/client-only/-/client-only-0.0.1.tgz",
      "integrity": "sha1-OLul1APEGrFQv/ZKlchQE89zvKE=",
      "license": "MIT"
    },
    "node_modules/csstype": {
      "version": "3.1.1",
      "resolved": "https://pkgs.dev.azure.com/aid-for-aids/_packaging/aid-for-aids/npm/registry/csstype/-/csstype-3.1.1.tgz",
      "integrity": "sha1-hBtTLEXHWO5UahHVvXt7RzyMMLk=",
      "license": "MIT"
    },
    "node_modules/js-tokens": {
      "version": "4.0.0",
      "resolved": "https://pkgs.dev.azure.com/aid-for-aids/_packaging/aid-for-aids/npm/registry/js-tokens/-/js-tokens-4.0.0.tgz",
      "integrity": "sha1-GSA/tZmR35jjoocFDUZHzerzJJk=",
      "license": "MIT"
    },
    "node_modules/loose-envify": {
      "version": "1.4.0",
      "resolved": "https://pkgs.dev.azure.com/aid-for-aids/_packaging/aid-for-aids/npm/registry/loose-envify/-/loose-envify-1.4.0.tgz",
      "integrity": "sha1-ce5R+nvkyuwaY4OffmgtgTLTDK8=",
      "license": "MIT",
      "dependencies": {
        "js-tokens": "^3.0.0 || ^4.0.0"
      },
      "bin": {
        "loose-envify": "cli.js"
      }
    },
    "node_modules/nanoid": {
      "version": "3.3.4",
      "resolved": "https://pkgs.dev.azure.com/aid-for-aids/_packaging/aid-for-aids/npm/registry/nanoid/-/nanoid-3.3.4.tgz",
      "integrity": "sha1-cwtn480J4t6s8DwCfIHJ2dvF6Ks=",
      "license": "MIT",
      "bin": {
        "nanoid": "bin/nanoid.cjs"
      },
      "engines": {
        "node": "^10 || ^12 || ^13.7 || ^14 || >=15.0.1"
      }
    },
    "node_modules/next": {
      "version": "13.1.5",
      "resolved": "https://pkgs.dev.azure.com/aid-for-aids/_packaging/aid-for-aids/npm/registry/next/-/next-13.1.5.tgz",
      "integrity": "sha1-0MIwzOzxhBTbeNGAU30EdMU/33M=",
      "license": "MIT",
      "dependencies": {
        "@next/env": "13.1.5",
        "@swc/helpers": "0.4.14",
        "caniuse-lite": "^1.0.30001406",
        "postcss": "8.4.14",
        "styled-jsx": "5.1.1"
      },
      "bin": {
        "next": "dist/bin/next"
      },
      "engines": {
        "node": ">=14.6.0"
      },
      "optionalDependencies": {
        "@next/swc-android-arm-eabi": "13.1.5",
        "@next/swc-android-arm64": "13.1.5",
        "@next/swc-darwin-arm64": "13.1.5",
        "@next/swc-darwin-x64": "13.1.5",
        "@next/swc-freebsd-x64": "13.1.5",
        "@next/swc-linux-arm-gnueabihf": "13.1.5",
        "@next/swc-linux-arm64-gnu": "13.1.5",
        "@next/swc-linux-arm64-musl": "13.1.5",
        "@next/swc-linux-x64-gnu": "13.1.5",
        "@next/swc-linux-x64-musl": "13.1.5",
        "@next/swc-win32-arm64-msvc": "13.1.5",
        "@next/swc-win32-ia32-msvc": "13.1.5",
        "@next/swc-win32-x64-msvc": "13.1.5"
      },
      "peerDependencies": {
        "fibers": ">= 3.1.0",
        "node-sass": "^6.0.0 || ^7.0.0",
        "react": "^18.2.0",
        "react-dom": "^18.2.0",
        "sass": "^1.3.0"
      },
      "peerDependenciesMeta": {
        "fibers": {
          "optional": true
        },
        "node-sass": {
          "optional": true
        },
        "sass": {
          "optional": true
        }
      }
    },
    "node_modules/picocolors": {
      "version": "1.0.0",
      "resolved": "https://pkgs.dev.azure.com/aid-for-aids/_packaging/aid-for-aids/npm/registry/picocolors/-/picocolors-1.0.0.tgz",
      "integrity": "sha1-y1vcdP8/UYkiNur3nWi8RFZKuBw=",
      "license": "ISC"
    },
    "node_modules/postcss": {
      "version": "8.4.14",
      "resolved": "https://pkgs.dev.azure.com/aid-for-aids/_packaging/aid-for-aids/npm/registry/postcss/-/postcss-8.4.14.tgz",
      "integrity": "sha1-7pJ01WIrSFjBAHp0125C5W/SHK8=",
      "funding": [
        {
          "type": "opencollective",
          "url": "https://opencollective.com/postcss/"
        },
        {
          "type": "tidelift",
          "url": "https://tidelift.com/funding/github/npm/postcss"
        }
      ],
      "license": "MIT",
      "dependencies": {
        "nanoid": "^3.3.4",
        "picocolors": "^1.0.0",
        "source-map-js": "^1.0.2"
      },
      "engines": {
        "node": "^10 || ^12 || >=14"
      }
    },
    "node_modules/react": {
      "version": "18.2.0",
      "resolved": "https://pkgs.dev.azure.com/aid-for-aids/_packaging/aid-for-aids/npm/registry/react/-/react-18.2.0.tgz",
      "integrity": "sha1-VVvZhZKIMlX6AN4U8RUakXtdd9U=",
      "license": "MIT",
      "dependencies": {
        "loose-envify": "^1.1.0"
      },
      "engines": {
        "node": ">=0.10.0"
      }
    },
    "node_modules/react-dom": {
      "version": "18.2.0",
      "resolved": "https://pkgs.dev.azure.com/aid-for-aids/_packaging/aid-for-aids/npm/registry/react-dom/-/react-dom-18.2.0.tgz",
      "integrity": "sha1-IqrzhwjbJnTtmtoiTKSqcI2CHj0=",
      "license": "MIT",
      "dependencies": {
        "loose-envify": "^1.1.0",
        "scheduler": "^0.23.0"
      },
      "peerDependencies": {
        "react": "^18.2.0"
      }
    },
    "node_modules/scheduler": {
      "version": "0.23.0",
      "resolved": "https://pkgs.dev.azure.com/aid-for-aids/_packaging/aid-for-aids/npm/registry/scheduler/-/scheduler-0.23.0.tgz",
      "integrity": "sha1-uoBBr8PTDrIGpIe2s4QALk5h/f4=",
      "license": "MIT",
      "dependencies": {
        "loose-envify": "^1.1.0"
      }
    },
    "node_modules/source-map-js": {
      "version": "1.0.2",
      "resolved": "https://pkgs.dev.azure.com/aid-for-aids/_packaging/aid-for-aids/npm/registry/source-map-js/-/source-map-js-1.0.2.tgz",
      "integrity": "sha1-rbw2HZxi3zgBJefxYfccgm8eSQw=",
      "license": "BSD-3-Clause",
      "engines": {
        "node": ">=0.10.0"
      }
    },
    "node_modules/styled-jsx": {
      "version": "5.1.1",
      "resolved": "https://pkgs.dev.azure.com/aid-for-aids/_packaging/aid-for-aids/npm/registry/styled-jsx/-/styled-jsx-5.1.1.tgz",
      "integrity": "sha1-g5ocOqrMTnNf7QeBuGGepdAAnR8=",
      "license": "MIT",
      "dependencies": {
        "client-only": "0.0.1"
      },
      "engines": {
        "node": ">= 12.0.0"
      },
      "peerDependencies": {
        "react": ">= 16.8.0 || 17.x.x || ^18.0.0-0"
      },
      "peerDependenciesMeta": {
        "@babel/core": {
          "optional": true
        },
        "babel-plugin-macros": {
          "optional": true
        }
      }
    },
    "node_modules/tslib": {
      "version": "2.4.1",
      "resolved": "https://pkgs.dev.azure.com/aid-for-aids/_packaging/aid-for-aids/npm/registry/tslib/-/tslib-2.4.1.tgz",
      "integrity": "sha1-DQv7qsKIC5HiLfB2jlW+l1OlsX4=",
      "license": "0BSD"
    },
    "node_modules/typescript": {
      "version": "4.9.4",
      "resolved": "https://pkgs.dev.azure.com/aid-for-aids/_packaging/aid-for-aids/npm/registry/typescript/-/typescript-4.9.4.tgz",
      "integrity": "sha1-oqPSdWwHmr2iQddfFJ351WEJHng=",
      "license": "Apache-2.0",
      "bin": {
        "tsc": "bin/tsc",
        "tsserver": "bin/tsserver"
      },
      "engines": {
        "node": ">=4.2.0"
      }
    }
  },
  "dependencies": {
    "@next/env": {
      "version": "13.1.5",
      "resolved": "https://pkgs.dev.azure.com/aid-for-aids/_packaging/aid-for-aids/npm/registry/@next/env/-/env-13.1.5.tgz",
      "integrity": "sha1-crJNNyamt1K+a3uak3968xs85BA="
    },
    "@next/swc-android-arm-eabi": {
      "version": "13.1.5",
      "resolved": "https://pkgs.dev.azure.com/aid-for-aids/_packaging/aid-for-aids/npm/registry/@next/swc-android-arm-eabi/-/swc-android-arm-eabi-13.1.5.tgz",
      "integrity": "sha1-Dqb3Z1RWKrgJLv5+SSkGeQJht8s=",
      "optional": true
    },
    "@next/swc-android-arm64": {
      "version": "13.1.5",
      "resolved": "https://pkgs.dev.azure.com/aid-for-aids/_packaging/aid-for-aids/npm/registry/@next/swc-android-arm64/-/swc-android-arm64-13.1.5.tgz",
      "integrity": "sha1-jUqR13gRxscFekH08y7O4ayWOYE=",
      "optional": true
    },
    "@next/swc-darwin-arm64": {
      "version": "13.1.5",
      "resolved": "https://pkgs.dev.azure.com/aid-for-aids/_packaging/aid-for-aids/npm/registry/@next/swc-darwin-arm64/-/swc-darwin-arm64-13.1.5.tgz",
      "integrity": "sha1-PyBtIiAcZQCszjqSdKgH+weHhWU=",
      "optional": true
    },
    "@next/swc-darwin-x64": {
      "version": "13.1.5",
      "resolved": "https://pkgs.dev.azure.com/aid-for-aids/_packaging/aid-for-aids/npm/registry/@next/swc-darwin-x64/-/swc-darwin-x64-13.1.5.tgz",
      "integrity": "sha1-Owd17RkKazXNC6YVENzRM9y4xL8=",
      "optional": true
    },
    "@next/swc-freebsd-x64": {
      "version": "13.1.5",
      "resolved": "https://pkgs.dev.azure.com/aid-for-aids/_packaging/aid-for-aids/npm/registry/@next/swc-freebsd-x64/-/swc-freebsd-x64-13.1.5.tgz",
      "integrity": "sha1-qfKzlDS1KGeGCvvTJjj5dCxFyCo=",
      "optional": true
    },
    "@next/swc-linux-arm-gnueabihf": {
      "version": "13.1.5",
      "resolved": "https://pkgs.dev.azure.com/aid-for-aids/_packaging/aid-for-aids/npm/registry/@next/swc-linux-arm-gnueabihf/-/swc-linux-arm-gnueabihf-13.1.5.tgz",
      "integrity": "sha1-SuXc3qWqXLa5zhS7+G46/n3D3xo=",
      "optional": true
    },
    "@next/swc-linux-arm64-gnu": {
      "version": "13.1.5",
      "resolved": "https://pkgs.dev.azure.com/aid-for-aids/_packaging/aid-for-aids/npm/registry/@next/swc-linux-arm64-gnu/-/swc-linux-arm64-gnu-13.1.5.tgz",
      "integrity": "sha1-ktgWpDA5BkKqHOGWmiVbagstmDM=",
      "optional": true
    },
    "@next/swc-linux-arm64-musl": {
      "version": "13.1.5",
      "resolved": "https://pkgs.dev.azure.com/aid-for-aids/_packaging/aid-for-aids/npm/registry/@next/swc-linux-arm64-musl/-/swc-linux-arm64-musl-13.1.5.tgz",
      "integrity": "sha1-tEumhmgC7g9tZV5xhLfC8pSFIZ8=",
      "optional": true
    },
    "@next/swc-linux-x64-gnu": {
      "version": "13.1.5",
      "resolved": "https://pkgs.dev.azure.com/aid-for-aids/_packaging/aid-for-aids/npm/registry/@next/swc-linux-x64-gnu/-/swc-linux-x64-gnu-13.1.5.tgz",
      "integrity": "sha1-9wr+JlTYym5IiWTtDr7xHzjVZnU=",
      "optional": true
    },
    "@next/swc-linux-x64-musl": {
      "version": "13.1.5",
      "resolved": "https://pkgs.dev.azure.com/aid-for-aids/_packaging/aid-for-aids/npm/registry/@next/swc-linux-x64-musl/-/swc-linux-x64-musl-13.1.5.tgz",
      "integrity": "sha1-bkqkWm7hzqfmwyld/eaSUK/UxxQ=",
      "optional": true
    },
    "@next/swc-win32-arm64-msvc": {
      "version": "13.1.5",
      "resolved": "https://pkgs.dev.azure.com/aid-for-aids/_packaging/aid-for-aids/npm/registry/@next/swc-win32-arm64-msvc/-/swc-win32-arm64-msvc-13.1.5.tgz",
      "integrity": "sha1-HvbUU7Ahsm7S0OMXwctljrV9ZsI=",
      "optional": true
    },
    "@next/swc-win32-ia32-msvc": {
      "version": "13.1.5",
      "resolved": "https://pkgs.dev.azure.com/aid-for-aids/_packaging/aid-for-aids/npm/registry/@next/swc-win32-ia32-msvc/-/swc-win32-ia32-msvc-13.1.5.tgz",
      "integrity": "sha1-pwjtFopdg7KFGbT8ujlqsynBorA=",
      "optional": true
    },
    "@next/swc-win32-x64-msvc": {
      "version": "13.1.5",
      "resolved": "https://pkgs.dev.azure.com/aid-for-aids/_packaging/aid-for-aids/npm/registry/@next/swc-win32-x64-msvc/-/swc-win32-x64-msvc-13.1.5.tgz",
      "integrity": "sha1-jHvvPcQeYkBQ7sszbL2USpH6cZg=",
      "optional": true
    },
    "@swc/helpers": {
      "version": "0.4.14",
      "resolved": "https://pkgs.dev.azure.com/aid-for-aids/_packaging/aid-for-aids/npm/registry/@swc/helpers/-/helpers-0.4.14.tgz",
      "integrity": "sha1-E1KsbZXjYXzLfBSY/wGWVPHhKnQ=",
      "requires": {
        "tslib": "^2.4.0"
      }
    },
    "@types/node": {
      "version": "18.11.18",
      "resolved": "https://pkgs.dev.azure.com/aid-for-aids/_packaging/aid-for-aids/npm/registry/@types/node/-/node-18.11.18.tgz",
      "integrity": "sha1-jfuX8Nojwik+VUxaUNYe8TTXaX8="
    },
    "@types/prop-types": {
      "version": "15.7.5",
      "resolved": "https://pkgs.dev.azure.com/aid-for-aids/_packaging/aid-for-aids/npm/registry/@types/prop-types/-/prop-types-15.7.5.tgz",
      "integrity": "sha1-XxnSuFqY6VWANvajysyIGUIPBc8="
    },
    "@types/react": {
      "version": "18.0.27",
      "resolved": "https://pkgs.dev.azure.com/aid-for-aids/_packaging/aid-for-aids/npm/registry/@types/react/-/react-18.0.27.tgz",
      "integrity": "sha1-2UJavhh6APil7BgrAQ1P2dpwO3E=",
      "requires": {
        "@types/prop-types": "*",
        "@types/scheduler": "*",
        "csstype": "^3.0.2"
      }
    },
    "@types/react-dom": {
      "version": "18.0.10",
      "resolved": "https://pkgs.dev.azure.com/aid-for-aids/_packaging/aid-for-aids/npm/registry/@types/react-dom/-/react-dom-18.0.10.tgz",
      "integrity": "sha1-O2bexWqg8Wpswm2p6cqWw1wLQ1I=",
      "requires": {
        "@types/react": "*"
      }
    },
    "@types/scheduler": {
      "version": "0.16.2",
      "resolved": "https://pkgs.dev.azure.com/aid-for-aids/_packaging/aid-for-aids/npm/registry/@types/scheduler/-/scheduler-0.16.2.tgz",
      "integrity": "sha1-GmL4lSVyPd4kuhsBsJK/XfitTTk="
    },
    "caniuse-lite": {
      "version": "1.0.30001447",
      "resolved": "https://pkgs.dev.azure.com/aid-for-aids/_packaging/aid-for-aids/npm/registry/caniuse-lite/-/caniuse-lite-1.0.30001447.tgz",
      "integrity": "sha1-7x85rjjYOdcXZxNzWo5GegolI70="
    },
    "client-only": {
      "version": "0.0.1",
      "resolved": "https://pkgs.dev.azure.com/aid-for-aids/_packaging/aid-for-aids/npm/registry/client-only/-/client-only-0.0.1.tgz",
      "integrity": "sha1-OLul1APEGrFQv/ZKlchQE89zvKE="
    },
    "csstype": {
      "version": "3.1.1",
      "resolved": "https://pkgs.dev.azure.com/aid-for-aids/_packaging/aid-for-aids/npm/registry/csstype/-/csstype-3.1.1.tgz",
      "integrity": "sha1-hBtTLEXHWO5UahHVvXt7RzyMMLk="
    },
    "js-tokens": {
      "version": "4.0.0",
      "resolved": "https://pkgs.dev.azure.com/aid-for-aids/_packaging/aid-for-aids/npm/registry/js-tokens/-/js-tokens-4.0.0.tgz",
      "integrity": "sha1-GSA/tZmR35jjoocFDUZHzerzJJk="
    },
    "loose-envify": {
      "version": "1.4.0",
      "resolved": "https://pkgs.dev.azure.com/aid-for-aids/_packaging/aid-for-aids/npm/registry/loose-envify/-/loose-envify-1.4.0.tgz",
      "integrity": "sha1-ce5R+nvkyuwaY4OffmgtgTLTDK8=",
      "requires": {
        "js-tokens": "^3.0.0 || ^4.0.0"
      }
    },
    "nanoid": {
      "version": "3.3.4",
      "resolved": "https://pkgs.dev.azure.com/aid-for-aids/_packaging/aid-for-aids/npm/registry/nanoid/-/nanoid-3.3.4.tgz",
      "integrity": "sha1-cwtn480J4t6s8DwCfIHJ2dvF6Ks="
    },
    "next": {
      "version": "13.1.5",
      "resolved": "https://pkgs.dev.azure.com/aid-for-aids/_packaging/aid-for-aids/npm/registry/next/-/next-13.1.5.tgz",
      "integrity": "sha1-0MIwzOzxhBTbeNGAU30EdMU/33M=",
      "requires": {
        "@next/env": "13.1.5",
        "@next/swc-android-arm-eabi": "13.1.5",
        "@next/swc-android-arm64": "13.1.5",
        "@next/swc-darwin-arm64": "13.1.5",
        "@next/swc-darwin-x64": "13.1.5",
        "@next/swc-freebsd-x64": "13.1.5",
        "@next/swc-linux-arm-gnueabihf": "13.1.5",
        "@next/swc-linux-arm64-gnu": "13.1.5",
        "@next/swc-linux-arm64-musl": "13.1.5",
        "@next/swc-linux-x64-gnu": "13.1.5",
        "@next/swc-linux-x64-musl": "13.1.5",
        "@next/swc-win32-arm64-msvc": "13.1.5",
        "@next/swc-win32-ia32-msvc": "13.1.5",
        "@next/swc-win32-x64-msvc": "13.1.5",
        "@swc/helpers": "0.4.14",
        "caniuse-lite": "^1.0.30001406",
        "postcss": "8.4.14",
        "styled-jsx": "5.1.1"
      }
    },
    "picocolors": {
      "version": "1.0.0",
      "resolved": "https://pkgs.dev.azure.com/aid-for-aids/_packaging/aid-for-aids/npm/registry/picocolors/-/picocolors-1.0.0.tgz",
      "integrity": "sha1-y1vcdP8/UYkiNur3nWi8RFZKuBw="
    },
    "postcss": {
      "version": "8.4.14",
      "resolved": "https://pkgs.dev.azure.com/aid-for-aids/_packaging/aid-for-aids/npm/registry/postcss/-/postcss-8.4.14.tgz",
      "integrity": "sha1-7pJ01WIrSFjBAHp0125C5W/SHK8=",
      "requires": {
        "nanoid": "^3.3.4",
        "picocolors": "^1.0.0",
        "source-map-js": "^1.0.2"
      }
    },
    "react": {
      "version": "18.2.0",
      "resolved": "https://pkgs.dev.azure.com/aid-for-aids/_packaging/aid-for-aids/npm/registry/react/-/react-18.2.0.tgz",
      "integrity": "sha1-VVvZhZKIMlX6AN4U8RUakXtdd9U=",
      "requires": {
        "loose-envify": "^1.1.0"
      }
    },
    "react-dom": {
      "version": "18.2.0",
      "resolved": "https://pkgs.dev.azure.com/aid-for-aids/_packaging/aid-for-aids/npm/registry/react-dom/-/react-dom-18.2.0.tgz",
      "integrity": "sha1-IqrzhwjbJnTtmtoiTKSqcI2CHj0=",
      "requires": {
        "loose-envify": "^1.1.0",
        "scheduler": "^0.23.0"
      }
    },
    "scheduler": {
      "version": "0.23.0",
      "resolved": "https://pkgs.dev.azure.com/aid-for-aids/_packaging/aid-for-aids/npm/registry/scheduler/-/scheduler-0.23.0.tgz",
      "integrity": "sha1-uoBBr8PTDrIGpIe2s4QALk5h/f4=",
      "requires": {
        "loose-envify": "^1.1.0"
      }
    },
    "source-map-js": {
      "version": "1.0.2",
      "resolved": "https://pkgs.dev.azure.com/aid-for-aids/_packaging/aid-for-aids/npm/registry/source-map-js/-/source-map-js-1.0.2.tgz",
      "integrity": "sha1-rbw2HZxi3zgBJefxYfccgm8eSQw="
    },
    "styled-jsx": {
      "version": "5.1.1",
      "resolved": "https://pkgs.dev.azure.com/aid-for-aids/_packaging/aid-for-aids/npm/registry/styled-jsx/-/styled-jsx-5.1.1.tgz",
      "integrity": "sha1-g5ocOqrMTnNf7QeBuGGepdAAnR8=",
      "requires": {
        "client-only": "0.0.1"
      }
    },
    "tslib": {
      "version": "2.4.1",
      "resolved": "https://pkgs.dev.azure.com/aid-for-aids/_packaging/aid-for-aids/npm/registry/tslib/-/tslib-2.4.1.tgz",
      "integrity": "sha1-DQv7qsKIC5HiLfB2jlW+l1OlsX4="
    },
    "typescript": {
      "version": "4.9.4",
      "resolved": "https://pkgs.dev.azure.com/aid-for-aids/_packaging/aid-for-aids/npm/registry/typescript/-/typescript-4.9.4.tgz",
      "integrity": "sha1-oqPSdWwHmr2iQddfFJ351WEJHng="
    }
  }
}
